
Microsoft Visual Studio Solution File, Format Version 12.00
# Visual Studio 15
VisualStudioVersion = 15.0.28010.2026
MinimumVisualStudioVersion = 10.0.40219.1
Project("{8BC9CEB8-8B4A-11D0-8D11-00A0C91BC942}") = "RayTracingProject", "RayTracingProject\RayTracingProject.vcxproj", "{1999BC5E-3881-46CB-9AAD-CD73D3A98840}"
EndProject
Global
	GlobalSection(SolutionConfigurationPlatforms) = preSolution
		Debug|x64 = Debug|x64
		Debug|x86 = Debug|x86
		Release|x64 = Release|x64
		Release|x86 = Release|x86
	EndGlobalSection
	GlobalSection(ProjectConfigurationPlatforms) = postSolution
		{1999BC5E-3881-46CB-9AAD-CD73D3A98840}.Debug|x64.ActiveCfg = Debug|x64
		{1999BC5E-3881-46CB-9AAD-CD73D3A98840}.Debug|x64.Build.0 = Debug|x64
		{1999BC5E-3881-46CB-9AAD-CD73D3A98840}.Debug|x86.ActiveCfg = Debug|Win32
		{1999BC5E-3881-46CB-9AAD-CD73D3A98840}.Debug|x86.Build.0 = Debug|Win32
		{1999BC5E-3881-46CB-9AAD-CD73D3A98840}.Release|x64.ActiveCfg = Release|x64
		{1999BC5E-3881-46CB-9AAD-CD73D3A98840}.Release|x64.Build.0 = Release|x64
		{1999BC5E-3881-46CB-9AAD-CD73D3A98840}.Release|x86.ActiveCfg = Release|Win32
		{1999BC5E-3881-46CB-9AAD-CD73D3A98840}.Release|x86.Build.0 = Release|Win32
	EndGlobalSection
	GlobalSection(SolutionProperties) = preSolution
		HideSolutionNode = FALSE
	EndGlobalSection
	GlobalSection(ExtensibilityGlobals) = postSolution
		SolutionGuid = {10C04957-75FA-41E0-AC73-B7CE227EB419}
	EndGlobalSection
EndGlobal
